
Microsoft Visual Studio Solution File, Format Version 12.00
# Visual Studio Version 17
VisualStudioVersion = 17.8.34525.116
MinimumVisualStudioVersion = 10.0.40219.1
Project("{8BC9CEB8-8B4A-11D0-8D11-00A0C91BC942}") = "Lec10_Graph", "Lec10_Graph\Lec10_Graph.vcxproj", "{44711091-14D9-4B8F-A5E0-EA4869BB8683}"
EndProject
Project("{8BC9CEB8-8B4A-11D0-8D11-00A0C91BC942}") = "Maze", "Maze\Maze.vcxproj", "{722318F9-AA94-458B-AD63-44932E54604A}"
EndProject
Global
	GlobalSection(SolutionConfigurationPlatforms) = preSolution
		Debug|x64 = Debug|x64
		Debug|x86 = Debug|x86
		Release|x64 = Release|x64
		Release|x86 = Release|x86
	EndGlobalSection
	GlobalSection(ProjectConfigurationPlatforms) = postSolution
		{44711091-14D9-4B8F-A5E0-EA4869BB8683}.Debug|x64.ActiveCfg = Debug|x64
		{44711091-14D9-4B8F-A5E0-EA4869BB8683}.Debug|x64.Build.0 = Debug|x64
		{44711091-14D9-4B8F-A5E0-EA4869BB8683}.Debug|x86.ActiveCfg = Debug|Win32
		{44711091-14D9-4B8F-A5E0-EA4869BB8683}.Debug|x86.Build.0 = Debug|Win32
		{44711091-14D9-4B8F-A5E0-EA4869BB8683}.Release|x64.ActiveCfg = Release|x64
		{44711091-14D9-4B8F-A5E0-EA4869BB8683}.Release|x64.Build.0 = Release|x64
		{44711091-14D9-4B8F-A5E0-EA4869BB8683}.Release|x86.ActiveCfg = Release|Win32
		{44711091-14D9-4B8F-A5E0-EA4869BB8683}.Release|x86.Build.0 = Release|Win32
		{722318F9-AA94-458B-AD63-44932E54604A}.Debug|x64.ActiveCfg = Debug|x64
		{722318F9-AA94-458B-AD63-44932E54604A}.Debug|x64.Build.0 = Debug|x64
		{722318F9-AA94-458B-AD63-44932E54604A}.Debug|x86.ActiveCfg = Debug|Win32
		{722318F9-AA94-458B-AD63-44932E54604A}.Debug|x86.Build.0 = Debug|Win32
		{722318F9-AA94-458B-AD63-44932E54604A}.Release|x64.ActiveCfg = Release|x64
		{722318F9-AA94-458B-AD63-44932E54604A}.Release|x64.Build.0 = Release|x64
		{722318F9-AA94-458B-AD63-44932E54604A}.Release|x86.ActiveCfg = Release|Win32
		{722318F9-AA94-458B-AD63-44932E54604A}.Release|x86.Build.0 = Release|Win32
	EndGlobalSection
	GlobalSection(SolutionProperties) = preSolution
		HideSolutionNode = FALSE
	EndGlobalSection
	GlobalSection(ExtensibilityGlobals) = postSolution
		SolutionGuid = {38369357-36A1-49E9-AFFC-6CA7BA72FFF2}
	EndGlobalSection
EndGlobal
