
Microsoft Visual Studio Solution File, Format Version 12.00
# Visual Studio Version 17
VisualStudioVersion = 17.8.34525.116
MinimumVisualStudioVersion = 10.0.40219.1
Project("{8BC9CEB8-8B4A-11D0-8D11-00A0C91BC942}") = "Project2", "Project2.vcxproj", "{6C7B7A82-AA5F-47C4-BACF-7F6D7E8F14E1}"
EndProject
Project("{8BC9CEB8-8B4A-11D0-8D11-00A0C91BC942}") = "Polynomial_Class", "..\Polynomial_Class\Polynomial_Class.vcxproj", "{FEA6765C-FB4E-4C7C-B4A2-7DF821CCAE71}"
EndProject
Global
	GlobalSection(SolutionConfigurationPlatforms) = preSolution
		Debug|x64 = Debug|x64
		Debug|x86 = Debug|x86
		Release|x64 = Release|x64
		Release|x86 = Release|x86
	EndGlobalSection
	GlobalSection(ProjectConfigurationPlatforms) = postSolution
		{6C7B7A82-AA5F-47C4-BACF-7F6D7E8F14E1}.Debug|x64.ActiveCfg = Debug|x64
		{6C7B7A82-AA5F-47C4-BACF-7F6D7E8F14E1}.Debug|x64.Build.0 = Debug|x64
		{6C7B7A82-AA5F-47C4-BACF-7F6D7E8F14E1}.Debug|x86.ActiveCfg = Debug|Win32
		{6C7B7A82-AA5F-47C4-BACF-7F6D7E8F14E1}.Debug|x86.Build.0 = Debug|Win32
		{6C7B7A82-AA5F-47C4-BACF-7F6D7E8F14E1}.Release|x64.ActiveCfg = Release|x64
		{6C7B7A82-AA5F-47C4-BACF-7F6D7E8F14E1}.Release|x64.Build.0 = Release|x64
		{6C7B7A82-AA5F-47C4-BACF-7F6D7E8F14E1}.Release|x86.ActiveCfg = Release|Win32
		{6C7B7A82-AA5F-47C4-BACF-7F6D7E8F14E1}.Release|x86.Build.0 = Release|Win32
		{FEA6765C-FB4E-4C7C-B4A2-7DF821CCAE71}.Debug|x64.ActiveCfg = Debug|x64
		{FEA6765C-FB4E-4C7C-B4A2-7DF821CCAE71}.Debug|x64.Build.0 = Debug|x64
		{FEA6765C-FB4E-4C7C-B4A2-7DF821CCAE71}.Debug|x86.ActiveCfg = Debug|Win32
		{FEA6765C-FB4E-4C7C-B4A2-7DF821CCAE71}.Debug|x86.Build.0 = Debug|Win32
		{FEA6765C-FB4E-4C7C-B4A2-7DF821CCAE71}.Release|x64.ActiveCfg = Release|x64
		{FEA6765C-FB4E-4C7C-B4A2-7DF821CCAE71}.Release|x64.Build.0 = Release|x64
		{FEA6765C-FB4E-4C7C-B4A2-7DF821CCAE71}.Release|x86.ActiveCfg = Release|Win32
		{FEA6765C-FB4E-4C7C-B4A2-7DF821CCAE71}.Release|x86.Build.0 = Release|Win32
	EndGlobalSection
	GlobalSection(SolutionProperties) = preSolution
		HideSolutionNode = FALSE
	EndGlobalSection
	GlobalSection(ExtensibilityGlobals) = postSolution
		SolutionGuid = {7718A3D0-0BE6-4E3B-ACF9-CF864639D705}
	EndGlobalSection
EndGlobal
